{
  "name": "upload-taobao",
  "version": "1.0.0",
  "lockfileVersion": 1,
  "requires": true,
  "dependencies": {
    "kindeditor": {
      "version": "4.1.10",
      "resolved": "http://registry.npm.taobao.org/kindeditor/download/kindeditor-4.1.10.tgz",
      "integrity": "sha1-u7u6neOOE/hWggW+dl73M5621RU="
    }
  }
}
